
Microsoft Visual Studio Solution File, Format Version 12.00
# Visual Studio 15
VisualStudioVersion = 15.0.27130.2020
MinimumVisualStudioVersion = 10.0.40219.1
Project("{FAE04EC0-301F-11D3-BF4B-00C04F79EFBC}") = "DxMDB", "DxMDB\DxMDB.csproj", "{D9CCB3EB-C0A6-41E6-98F0-4BEBD3F49213}"
EndProject
Global
	GlobalSection(SolutionConfigurationPlatforms) = preSolution
		Debug|Any CPU = Debug|Any CPU
		Release|Any CPU = Release|Any CPU
	EndGlobalSection
	GlobalSection(ProjectConfigurationPlatforms) = postSolution
		{D9CCB3EB-C0A6-41E6-98F0-4BEBD3F49213}.Debug|Any CPU.ActiveCfg = Debug|Any CPU
		{D9CCB3EB-C0A6-41E6-98F0-4BEBD3F49213}.Debug|Any CPU.Build.0 = Debug|Any CPU
		{D9CCB3EB-C0A6-41E6-98F0-4BEBD3F49213}.Release|Any CPU.ActiveCfg = Release|Any CPU
		{D9CCB3EB-C0A6-41E6-98F0-4BEBD3F49213}.Release|Any CPU.Build.0 = Release|Any CPU
	EndGlobalSection
	GlobalSection(SolutionProperties) = preSolution
		HideSolutionNode = FALSE
	EndGlobalSection
	GlobalSection(ExtensibilityGlobals) = postSolution
		SolutionGuid = {31047CF0-AFC0-436C-993C-B791B9BB081B}
	EndGlobalSection
EndGlobal
